// !$*UTF8*$!
{
	archiveVersion = 1;
	classes = {
	};
	objectVersion = 46;
	objects = {

/* Begin PBXBuildFile section */
		2C1B3B991BC60F7400784328 /* News_Navigation_Arrow_Highlight@3x.png in Resources */ = {isa = PBXBuildFile; fileRef = 2C1B3B951BC60F7400784328 /* News_Navigation_Arrow_Highlight@3x.png */; };
		2C1B3B9A1BC60F7400784328 /* News_Navigation_Comment_Highlight@3x.png in Resources */ = {isa = PBXBuildFile; fileRef = 2C1B3B961BC60F7400784328 /* News_Navigation_Comment_Highlight@3x.png */; };
		2C1B3B9B1BC60F7400784328 /* News_Navigation_Next_Highlight@3x.png in Resources */ = {isa = PBXBuildFile; fileRef = 2C1B3B971BC60F7400784328 /* News_Navigation_Next_Highlight@3x.png */; };
		2C1B3B9C1BC60F7400784328 /* News_Navigation_Share_Highlight@3x.png in Resources */ = {isa = PBXBuildFile; fileRef = 2C1B3B981BC60F7400784328 /* News_Navigation_Share_Highlight@3x.png */; };
		2C1B3B9F1BC6111100784328 /* News_Fav_Highlight@2x.png in Resources */ = {isa = PBXBuildFile; fileRef = 2C1B3B9D1BC6111100784328 /* News_Fav_Highlight@2x.png */; };
		2C1B3BA01BC6111100784328 /* News_Faved@2x.png in Resources */ = {isa = PBXBuildFile; fileRef = 2C1B3B9E1BC6111100784328 /* News_Faved@2x.png */; };
		2C1B3BA31BC63D7A00784328 /* SVProgressHUD.m in Sources */ = {isa = PBXBuildFile; fileRef = 2C1B3BA21BC63D7A00784328 /* SVProgressHUD.m */; };
		2C577B8D1BB4F180000C366B /* main.m in Sources */ = {isa = PBXBuildFile; fileRef = 2C577B8C1BB4F180000C366B /* main.m */; };
		2C577B901BB4F180000C366B /* AppDelegate.m in Sources */ = {isa = PBXBuildFile; fileRef = 2C577B8F1BB4F180000C366B /* AppDelegate.m */; };
		2C577B931BB4F180000C366B /* ViewController.m in Sources */ = {isa = PBXBuildFile; fileRef = 2C577B921BB4F180000C366B /* ViewController.m */; };
		2C577B961BB4F180000C366B /* Main.storyboard in Resources */ = {isa = PBXBuildFile; fileRef = 2C577B941BB4F180000C366B /* Main.storyboard */; };
		2C577B981BB4F180000C366B /* Assets.xcassets in Resources */ = {isa = PBXBuildFile; fileRef = 2C577B971BB4F180000C366B /* Assets.xcassets */; };
		2C577B9B1BB4F180000C366B /* LaunchScreen.storyboard in Resources */ = {isa = PBXBuildFile; fileRef = 2C577B991BB4F180000C366B /* LaunchScreen.storyboard */; };
		2C577BA61BB4F180000C366B /* forUwebViewTests.m in Sources */ = {isa = PBXBuildFile; fileRef = 2C577BA51BB4F180000C366B /* forUwebViewTests.m */; };
		2C577BB11BB4F180000C366B /* forUwebViewUITests.m in Sources */ = {isa = PBXBuildFile; fileRef = 2C577BB01BB4F180000C366B /* forUwebViewUITests.m */; };
/* End PBXBuildFile section */

/* Begin PBXContainerItemProxy section */
		2C577BA21BB4F180000C366B /* PBXContainerItemProxy */ = {
			isa = PBXContainerItemProxy;
			containerPortal = 2C577B801BB4F17F000C366B /* Project object */;
			proxyType = 1;
			remoteGlobalIDString = 2C577B871BB4F180000C366B;
			remoteInfo = forUwebView;
		};
		2C577BAD1BB4F180000C366B /* PBXContainerItemProxy */ = {
			isa = PBXContainerItemProxy;
			containerPortal = 2C577B801BB4F17F000C366B /* Project object */;
			proxyType = 1;
			remoteGlobalIDString = 2C577B871BB4F180000C366B;
			remoteInfo = forUwebView;
		};
/* End PBXContainerItemProxy section */

/* Begin PBXFileReference section */
		2C1B3B951BC60F7400784328 /* News_Navigation_Arrow_Highlight@3x.png */ = {isa = PBXFileReference; lastKnownFileType = image.png; path = "News_Navigation_Arrow_Highlight@3x.png"; sourceTree = "<group>"; };
		2C1B3B961BC60F7400784328 /* News_Navigation_Comment_Highlight@3x.png */ = {isa = PBXFileReference; lastKnownFileType = image.png; path = "News_Navigation_Comment_Highlight@3x.png"; sourceTree = "<group>"; };
		2C1B3B971BC60F7400784328 /* News_Navigation_Next_Highlight@3x.png */ = {isa = PBXFileReference; lastKnownFileType = image.png; path = "News_Navigation_Next_Highlight@3x.png"; sourceTree = "<group>"; };
		2C1B3B981BC60F7400784328 /* News_Navigation_Share_Highlight@3x.png */ = {isa = PBXFileReference; lastKnownFileType = image.png; path = "News_Navigation_Share_Highlight@3x.png"; sourceTree = "<group>"; };
		2C1B3B9D1BC6111100784328 /* News_Fav_Highlight@2x.png */ = {isa = PBXFileReference; lastKnownFileType = image.png; path = "News_Fav_Highlight@2x.png"; sourceTree = "<group>"; };
		2C1B3B9E1BC6111100784328 /* News_Faved@2x.png */ = {isa = PBXFileReference; lastKnownFileType = image.png; path = "News_Faved@2x.png"; sourceTree = "<group>"; };
		2C1B3BA11BC63D7A00784328 /* SVProgressHUD.h */ = {isa = PBXFileReference; fileEncoding = 4; lastKnownFileType = sourcecode.c.h; path = SVProgressHUD.h; sourceTree = "<group>"; };
		2C1B3BA21BC63D7A00784328 /* SVProgressHUD.m */ = {isa = PBXFileReference; fileEncoding = 4; lastKnownFileType = sourcecode.c.objc; path = SVProgressHUD.m; sourceTree = "<group>"; };
		2C577B881BB4F180000C366B /* UIwebView.app */ = {isa = PBXFileReference; explicitFileType = wrapper.application; includeInIndex = 0; path = UIwebView.app; sourceTree = BUILT_PRODUCTS_DIR; };
		2C577B8C1BB4F180000C366B /* main.m */ = {isa = PBXFileReference; lastKnownFileType = sourcecode.c.objc; path = main.m; sourceTree = "<group>"; };
		2C577B8E1BB4F180000C366B /* AppDelegate.h */ = {isa = PBXFileReference; lastKnownFileType = sourcecode.c.h; path = AppDelegate.h; sourceTree = "<group>"; };
		2C577B8F1BB4F180000C366B /* AppDelegate.m */ = {isa = PBXFileReference; lastKnownFileType = sourcecode.c.objc; path = AppDelegate.m; sourceTree = "<group>"; };
		2C577B911BB4F180000C366B /* ViewController.h */ = {isa = PBXFileReference; lastKnownFileType = sourcecode.c.h; path = ViewController.h; sourceTree = "<group>"; };
		2C577B921BB4F180000C366B /* ViewController.m */ = {isa = PBXFileReference; lastKnownFileType = sourcecode.c.objc; path = ViewController.m; sourceTree = "<group>"; };
		2C577B951BB4F180000C366B /* Base */ = {isa = PBXFileReference; lastKnownFileType = file.storyboard; name = Base; path = Base.lproj/Main.storyboard; sourceTree = "<group>"; };
		2C577B971BB4F180000C366B /* Assets.xcassets */ = {isa = PBXFileReference; lastKnownFileType = folder.assetcatalog; path = Assets.xcassets; sourceTree = "<group>"; };
		2C577B9A1BB4F180000C366B /* Base */ = {isa = PBXFileReference; lastKnownFileType = file.storyboard; name = Base; path = Base.lproj/LaunchScreen.storyboard; sourceTree = "<group>"; };
		2C577B9C1BB4F180000C366B /* Info.plist */ = {isa = PBXFileReference; lastKnownFileType = text.plist.xml; path = Info.plist; sourceTree = "<group>"; };
		2C577BA11BB4F180000C366B /* UIwebView.xctest */ = {isa = PBXFileReference; explicitFileType = wrapper.cfbundle; includeInIndex = 0; path = UIwebView.xctest; sourceTree = BUILT_PRODUCTS_DIR; };
		2C577BA51BB4F180000C366B /* forUwebViewTests.m */ = {isa = PBXFileReference; lastKnownFileType = sourcecode.c.objc; path = forUwebViewTests.m; sourceTree = "<group>"; };
		2C577BA71BB4F180000C366B /* Info.plist */ = {isa = PBXFileReference; lastKnownFileType = text.plist.xml; path = Info.plist; sourceTree = "<group>"; };
		2C577BAC1BB4F180000C366B /* UIwebView.xctest */ = {isa = PBXFileReference; explicitFileType = wrapper.cfbundle; includeInIndex = 0; path = UIwebView.xctest; sourceTree = BUILT_PRODUCTS_DIR; };
		2C577BB01BB4F180000C366B /* forUwebViewUITests.m */ = {isa = PBXFileReference; lastKnownFileType = sourcecode.c.objc; path = forUwebViewUITests.m; sourceTree = "<group>"; };
		2C577BB21BB4F180000C366B /* Info.plist */ = {isa = PBXFileReference; lastKnownFileType = text.plist.xml; path = Info.plist; sourceTree = "<group>"; };
/* End PBXFileReference section */

/* Begin PBXFrameworksBuildPhase section */
		2C577B851BB4F180000C366B /* Frameworks */ = {
			isa = PBXFrameworksBuildPhase;
			buildActionMask = 2147483647;
			files = (
			);
			runOnlyForDeploymentPostprocessing = 0;
		};
		2C577B9E1BB4F180000C366B /* Frameworks */ = {
			isa = PBXFrameworksBuildPhase;
			buildActionMask = 2147483647;
			files = (
			);
			runOnlyForDeploymentPostprocessing = 0;
		};
		2C577BA91BB4F180000C366B /* Frameworks */ = {
			isa = PBXFrameworksBuildPhase;
			buildActionMask = 2147483647;
			files = (
			);
			runOnlyForDeploymentPostprocessing = 0;
		};
/* End PBXFrameworksBuildPhase section */

/* Begin PBXGroup section */
		2C577B7F1BB4F17F000C366B = {
			isa = PBXGroup;
			children = (
				2C577B8A1BB4F180000C366B /* forUwebView */,
				2C577BA41BB4F180000C366B /* forUwebViewTests */,
				2C577BAF1BB4F180000C366B /* forUwebViewUITests */,
				2C577B891BB4F180000C366B /* Products */,
			);
			sourceTree = "<group>";
		};
		2C577B891BB4F180000C366B /* Products */ = {
			isa = PBXGroup;
			children = (
				2C577B881BB4F180000C366B /* UIwebView.app */,
				2C577BA11BB4F180000C366B /* UIwebView.xctest */,
				2C577BAC1BB4F180000C366B /* UIwebView.xctest */,
			);
			name = Products;
			sourceTree = "<group>";
		};
		2C577B8A1BB4F180000C366B /* forUwebView */ = {
			isa = PBXGroup;
			children = (
				2C6539A51BCAB556008DEBFC /* Comment(评论) */,
				2C577B8E1BB4F180000C366B /* AppDelegate.h */,
				2C577B8F1BB4F180000C366B /* AppDelegate.m */,
				2C577B911BB4F180000C366B /* ViewController.h */,
				2C577B921BB4F180000C366B /* ViewController.m */,
				2C577B941BB4F180000C366B /* Main.storyboard */,
				2C577B971BB4F180000C366B /* Assets.xcassets */,
				2C577B991BB4F180000C366B /* LaunchScreen.storyboard */,
				2C577B9C1BB4F180000C366B /* Info.plist */,
				2C577B8B1BB4F180000C366B /* Supporting Files */,
			);
			path = forUwebView;
			sourceTree = "<group>";
		};
		2C577B8B1BB4F180000C366B /* Supporting Files */ = {
			isa = PBXGroup;
			children = (
				2C1B3BA11BC63D7A00784328 /* SVProgressHUD.h */,
				2C1B3BA21BC63D7A00784328 /* SVProgressHUD.m */,
				2C1B3B9D1BC6111100784328 /* News_Fav_Highlight@2x.png */,
				2C1B3B9E1BC6111100784328 /* News_Faved@2x.png */,
				2C1B3B951BC60F7400784328 /* News_Navigation_Arrow_Highlight@3x.png */,
				2C1B3B961BC60F7400784328 /* News_Navigation_Comment_Highlight@3x.png */,
				2C1B3B971BC60F7400784328 /* News_Navigation_Next_Highlight@3x.png */,
				2C1B3B981BC60F7400784328 /* News_Navigation_Share_Highlight@3x.png */,
				2C577B8C1BB4F180000C366B /* main.m */,
			);
			name = "Supporting Files";
			sourceTree = "<group>";
		};
		2C577BA41BB4F180000C366B /* forUwebViewTests */ = {
			isa = PBXGroup;
			children = (
				2C577BA51BB4F180000C366B /* forUwebViewTests.m */,
				2C577BA71BB4F180000C366B /* Info.plist */,
			);
			path = forUwebViewTests;
			sourceTree = "<group>";
		};
		2C577BAF1BB4F180000C366B /* forUwebViewUITests */ = {
			isa = PBXGroup;
			children = (
				2C577BB01BB4F180000C366B /* forUwebViewUITests.m */,
				2C577BB21BB4F180000C366B /* Info.plist */,
			);
			path = forUwebViewUITests;
			sourceTree = "<group>";
		};
		2C6539A51BCAB556008DEBFC /* Comment(评论) */ = {
			isa = PBXGroup;
			children = (
				2C6539A81BCAB60D008DEBFC /* Model */,
				2C6539A71BCAB602008DEBFC /* View */,
				2C6539A61BCAB5F1008DEBFC /* Controller */,
			);
			name = "Comment(评论)";
			sourceTree = "<group>";
		};
		2C6539A61BCAB5F1008DEBFC /* Controller */ = {
			isa = PBXGroup;
			children = (
			);
			name = Controller;
			sourceTree = "<group>";
		};
		2C6539A71BCAB602008DEBFC /* View */ = {
			isa = PBXGroup;
			children = (
			);
			name = View;
			sourceTree = "<group>";
		};
		2C6539A81BCAB60D008DEBFC /* Model */ = {
			isa = PBXGroup;
			children = (
			);
			name = Model;
			sourceTree = "<group>";
		};
/* End PBXGroup section */

/* Begin PBXNativeTarget section */
		2C577B871BB4F180000C366B /* UIwebView */ = {
			isa = PBXNativeTarget;
			buildConfigurationList = 2C577BB51BB4F180000C366B /* Build configuration list for PBXNativeTarget "UIwebView" */;
			buildPhases = (
				2C577B841BB4F180000C366B /* Sources */,
				2C577B851BB4F180000C366B /* Frameworks */,
				2C577B861BB4F180000C366B /* Resources */,
			);
			buildRules = (
			);
			dependencies = (
			);
			name = UIwebView;
			productName = forUwebView;
			productReference = 2C577B881BB4F180000C366B /* UIwebView.app */;
			productType = "com.apple.product-type.application";
		};
		2C577BA01BB4F180000C366B /* UIwebViewTests */ = {
			isa = PBXNativeTarget;
			buildConfigurationList = 2C577BB81BB4F180000C366B /* Build configuration list for PBXNativeTarget "UIwebViewTests" */;
			buildPhases = (
				2C577B9D1BB4F180000C366B /* Sources */,
				2C577B9E1BB4F180000C366B /* Frameworks */,
				2C577B9F1BB4F180000C366B /* Resources */,
			);
			buildRules = (
			);
			dependencies = (
				2C577BA31BB4F180000C366B /* PBXTargetDependency */,
			);
			name = UIwebViewTests;
			productName = forUwebViewTests;
			productReference = 2C577BA11BB4F180000C366B /* UIwebView.xctest */;
			productType = "com.apple.product-type.bundle.unit-test";
		};
		2C577BAB1BB4F180000C366B /* UIwebViewUITests */ = {
			isa = PBXNativeTarget;
			buildConfigurationList = 2C577BBB1BB4F180000C366B /* Build configuration list for PBXNativeTarget "UIwebViewUITests" */;
			buildPhases = (
				2C577BA81BB4F180000C366B /* Sources */,
				2C577BA91BB4F180000C366B /* Frameworks */,
				2C577BAA1BB4F180000C366B /* Resources */,
			);
			buildRules = (
			);
			dependencies = (
				2C577BAE1BB4F180000C366B /* PBXTargetDependency */,
			);
			name = UIwebViewUITests;
			productName = forUwebViewUITests;
			productReference = 2C577BAC1BB4F180000C366B /* UIwebView.xctest */;
			productType = "com.apple.product-type.bundle.ui-testing";
		};
/* End PBXNativeTarget section */

/* Begin PBXProject section */
		2C577B801BB4F17F000C366B /* Project object */ = {
			isa = PBXProject;
			attributes = {
				LastUpgradeCheck = 0700;
				ORGANIZATIONNAME = "胡礼节";
				TargetAttributes = {
					2C577B871BB4F180000C366B = {
						CreatedOnToolsVersion = 7.0;
					};
					2C577BA01BB4F180000C366B = {
						CreatedOnToolsVersion = 7.0;
						TestTargetID = 2C577B871BB4F180000C366B;
					};
					2C577BAB1BB4F180000C366B = {
						CreatedOnToolsVersion = 7.0;
						TestTargetID = 2C577B871BB4F180000C366B;
					};
				};
			};
			buildConfigurationList = 2C577B831BB4F17F000C366B /* Build configuration list for PBXProject "UIwebView" */;
			compatibilityVersion = "Xcode 3.2";
			developmentRegion = English;
			hasScannedForEncodings = 0;
			knownRegions = (
				en,
				Base,
				"zh-Hans",
			);
			mainGroup = 2C577B7F1BB4F17F000C366B;
			productRefGroup = 2C577B891BB4F180000C366B /* Products */;
			projectDirPath = "";
			projectRoot = "";
			targets = (
				2C577B871BB4F180000C366B /* UIwebView */,
				2C577BA01BB4F180000C366B /* UIwebViewTests */,
				2C577BAB1BB4F180000C366B /* UIwebViewUITests */,
			);
		};
/* End PBXProject section */

/* Begin PBXResourcesBuildPhase section */
		2C577B861BB4F180000C366B /* Resources */ = {
			isa = PBXResourcesBuildPhase;
			buildActionMask = 2147483647;
			files = (
				2C1B3B9A1BC60F7400784328 /* News_Navigation_Comment_Highlight@3x.png in Resources */,
				2C577B9B1BB4F180000C366B /* LaunchScreen.storyboard in Resources */,
				2C1B3B9B1BC60F7400784328 /* News_Navigation_Next_Highlight@3x.png in Resources */,
				2C1B3B9C1BC60F7400784328 /* News_Navigation_Share_Highlight@3x.png in Resources */,
				2C1B3B9F1BC6111100784328 /* News_Fav_Highlight@2x.png in Resources */,
				2C1B3BA01BC6111100784328 /* News_Faved@2x.png in Resources */,
				2C1B3B991BC60F7400784328 /* News_Navigation_Arrow_Highlight@3x.png in Resources */,
				2C577B981BB4F180000C366B /* Assets.xcassets in Resources */,
				2C577B961BB4F180000C366B /* Main.storyboard in Resources */,
			);
			runOnlyForDeploymentPostprocessing = 0;
		};
		2C577B9F1BB4F180000C366B /* Resources */ = {
			isa = PBXResourcesBuildPhase;
			buildActionMask = 2147483647;
			files = (
			);
			runOnlyForDeploymentPostprocessing = 0;
		};
		2C577BAA1BB4F180000C366B /* Resources */ = {
			isa = PBXResourcesBuildPhase;
			buildActionMask = 2147483647;
			files = (
			);
			runOnlyForDeploymentPostprocessing = 0;
		};
/* End PBXResourcesBuildPhase section */

/* Begin PBXSourcesBuildPhase section */
		2C577B841BB4F180000C366B /* Sources */ = {
			isa = PBXSourcesBuildPhase;
			buildActionMask = 2147483647;
			files = (
				2C577B931BB4F180000C366B /* ViewController.m in Sources */,
				2C577B901BB4F180000C366B /* AppDelegate.m in Sources */,
				2C1B3BA31BC63D7A00784328 /* SVProgressHUD.m in Sources */,
				2C577B8D1BB4F180000C366B /* main.m in Sources */,
			);
			runOnlyForDeploymentPostprocessing = 0;
		};
		2C577B9D1BB4F180000C366B /* Sources */ = {
			isa = PBXSourcesBuildPhase;
			buildActionMask = 2147483647;
			files = (
				2C577BA61BB4F180000C366B /* forUwebViewTests.m in Sources */,
			);
			runOnlyForDeploymentPostprocessing = 0;
		};
		2C577BA81BB4F180000C366B /* Sources */ = {
			isa = PBXSourcesBuildPhase;
			buildActionMask = 2147483647;
			files = (
				2C577BB11BB4F180000C366B /* forUwebViewUITests.m in Sources */,
			);
			runOnlyForDeploymentPostprocessing = 0;
		};
/* End PBXSourcesBuildPhase section */

/* Begin PBXTargetDependency section */
		2C577BA31BB4F180000C366B /* PBXTargetDependency */ = {
			isa = PBXTargetDependency;
			target = 2C577B871BB4F180000C366B /* UIwebView */;
			targetProxy = 2C577BA21BB4F180000C366B /* PBXContainerItemProxy */;
		};
		2C577BAE1BB4F180000C366B /* PBXTargetDependency */ = {
			isa = PBXTargetDependency;
			target = 2C577B871BB4F180000C366B /* UIwebView */;
			targetProxy = 2C577BAD1BB4F180000C366B /* PBXContainerItemProxy */;
		};
/* End PBXTargetDependency section */

/* Begin PBXVariantGroup section */
		2C577B941BB4F180000C366B /* Main.storyboard */ = {
			isa = PBXVariantGroup;
			children = (
				2C577B951BB4F180000C366B /* Base */,
			);
			name = Main.storyboard;
			sourceTree = "<group>";
		};
		2C577B991BB4F180000C366B /* LaunchScreen.storyboard */ = {
			isa = PBXVariantGroup;
			children = (
				2C577B9A1BB4F180000C366B /* Base */,
			);
			name = LaunchScreen.storyboard;
			sourceTree = "<group>";
		};
/* End PBXVariantGroup section */

/* Begin XCBuildConfiguration section */
		2C577BB31BB4F180000C366B /* Debug */ = {
			isa = XCBuildConfiguration;
			buildSettings = {
				ALWAYS_SEARCH_USER_PATHS = NO;
				CLANG_CXX_LANGUAGE_STANDARD = "gnu++0x";
				CLANG_CXX_LIBRARY = "libc++";
				CLANG_ENABLE_MODULES = YES;
				CLANG_ENABLE_OBJC_ARC = YES;
				CLANG_WARN_BOOL_CONVERSION = YES;
				CLANG_WARN_CONSTANT_CONVERSION = YES;
				CLANG_WARN_DIRECT_OBJC_ISA_USAGE = YES_ERROR;
				CLANG_WARN_EMPTY_BODY = YES;
				CLANG_WARN_ENUM_CONVERSION = YES;
				CLANG_WARN_INT_CONVERSION = YES;
				CLANG_WARN_OBJC_ROOT_CLASS = YES_ERROR;
				CLANG_WARN_UNREACHABLE_CODE = YES;
				CLANG_WARN__DUPLICATE_METHOD_MATCH = YES;
				"CODE_SIGN_IDENTITY[sdk=iphoneos*]" = "iPhone Developer";
				COPY_PHASE_STRIP = NO;
				DEBUG_INFORMATION_FORMAT = dwarf;
				ENABLE_STRICT_OBJC_MSGSEND = YES;
				ENABLE_TESTABILITY = YES;
				GCC_C_LANGUAGE_STANDARD = gnu99;
				GCC_DYNAMIC_NO_PIC = NO;
				GCC_NO_COMMON_BLOCKS = YES;
				GCC_OPTIMIZATION_LEVEL = 0;
				GCC_PREPROCESSOR_DEFINITIONS = (
					"DEBUG=1",
					"$(inherited)",
				);
				GCC_WARN_64_TO_32_BIT_CONVERSION = YES;
				GCC_WARN_ABOUT_RETURN_TYPE = YES_ERROR;
				GCC_WARN_UNDECLARED_SELECTOR = YES;
				GCC_WARN_UNINITIALIZED_AUTOS = YES_AGGRESSIVE;
				GCC_WARN_UNUSED_FUNCTION = YES;
				GCC_WARN_UNUSED_VARIABLE = YES;
				IPHONEOS_DEPLOYMENT_TARGET = 9.0;
				MTL_ENABLE_DEBUG_INFO = YES;
				ONLY_ACTIVE_ARCH = YES;
				SDKROOT = iphoneos;
			};
			name = Debug;
		};
		2C577BB41BB4F180000C366B /* Release */ = {
			isa = XCBuildConfiguration;
			buildSettings = {
				ALWAYS_SEARCH_USER_PATHS = NO;
				CLANG_CXX_LANGUAGE_STANDARD = "gnu++0x";
				CLANG_CXX_LIBRARY = "libc++";
				CLANG_ENABLE_MODULES = YES;
				CLANG_ENABLE_OBJC_ARC = YES;
				CLANG_WARN_BOOL_CONVERSION = YES;
				CLANG_WARN_CONSTANT_CONVERSION = YES;
				CLANG_WARN_DIRECT_OBJC_ISA_USAGE = YES_ERROR;
				CLANG_WARN_EMPTY_BODY = YES;
				CLANG_WARN_ENUM_CONVERSION = YES;
				CLANG_WARN_INT_CONVERSION = YES;
				CLANG_WARN_OBJC_ROOT_CLASS = YES_ERROR;
				CLANG_WARN_UNREACHABLE_CODE = YES;
				CLANG_WARN__DUPLICATE_METHOD_MATCH = YES;
				"CODE_SIGN_IDENTITY[sdk=iphoneos*]" = "iPhone Developer";
				COPY_PHASE_STRIP = NO;
				DEBUG_INFORMATION_FORMAT = "dwarf-with-dsym";
				ENABLE_NS_ASSERTIONS = NO;
				ENABLE_STRICT_OBJC_MSGSEND = YES;
				GCC_C_LANGUAGE_STANDARD = gnu99;
				GCC_NO_COMMON_BLOCKS = YES;
				GCC_WARN_64_TO_32_BIT_CONVERSION = YES;
				GCC_WARN_ABOUT_RETURN_TYPE = YES_ERROR;
				GCC_WARN_UNDECLARED_SELECTOR = YES;
				GCC_WARN_UNINITIALIZED_AUTOS = YES_AGGRESSIVE;
				GCC_WARN_UNUSED_FUNCTION = YES;
				GCC_WARN_UNUSED_VARIABLE = YES;
				IPHONEOS_DEPLOYMENT_TARGET = 9.0;
				MTL_ENABLE_DEBUG_INFO = NO;
				SDKROOT = iphoneos;
				VALIDATE_PRODUCT = YES;
			};
			name = Release;
		};
		2C577BB61BB4F180000C366B /* Debug */ = {
			isa = XCBuildConfiguration;
			buildSettings = {
				ASSETCATALOG_COMPILER_APPICON_NAME = AppIcon;
				ENABLE_BITCODE = NO;
				FRAMEWORK_SEARCH_PATHS = (
					"$(inherited)",
					"$(PROJECT_DIR)/ShareSDK/Connection",
					"$(PROJECT_DIR)/ShareSDK/Core",
					"$(PROJECT_DIR)/ShareSDK/Extend/QQConnectSDK",
					"$(PROJECT_DIR)/ShareSDK/Extend/RenRenSDK",
					"$(PROJECT_DIR)/ShareSDK",
					"$(PROJECT_DIR)/ShareSDK/UI",
				);
				INFOPLIST_FILE = forUwebView/Info.plist;
				LD_RUNPATH_SEARCH_PATHS = "$(inherited) @executable_path/Frameworks";
				LIBRARY_SEARCH_PATHS = (
					"$(inherited)",
					"$(PROJECT_DIR)/ShareSDK/Extend/APSocialSDK",
					"$(PROJECT_DIR)/ShareSDK/Extend/SinaWeiboSDK",
					"$(PROJECT_DIR)/ShareSDK/Extend/WeChatSDK",
				);
				OTHER_LDFLAGS = "-ObjC";
				PRODUCT_BUNDLE_IDENTIFIER = forUwebView;
				PRODUCT_NAME = UIwebView;
			};
			name = Debug;
		};
		2C577BB71BB4F180000C366B /* Release */ = {
			isa = XCBuildConfiguration;
			buildSettings = {
				ASSETCATALOG_COMPILER_APPICON_NAME = AppIcon;
				ENABLE_BITCODE = NO;
				FRAMEWORK_SEARCH_PATHS = (
					"$(inherited)",
					"$(PROJECT_DIR)/ShareSDK/Connection",
					"$(PROJECT_DIR)/ShareSDK/Core",
					"$(PROJECT_DIR)/ShareSDK/Extend/QQConnectSDK",
					"$(PROJECT_DIR)/ShareSDK/Extend/RenRenSDK",
					"$(PROJECT_DIR)/ShareSDK",
					"$(PROJECT_DIR)/ShareSDK/UI",
				);
				INFOPLIST_FILE = forUwebView/Info.plist;
				LD_RUNPATH_SEARCH_PATHS = "$(inherited) @executable_path/Frameworks";
				LIBRARY_SEARCH_PATHS = (
					"$(inherited)",
					"$(PROJECT_DIR)/ShareSDK/Extend/APSocialSDK",
					"$(PROJECT_DIR)/ShareSDK/Extend/SinaWeiboSDK",
					"$(PROJECT_DIR)/ShareSDK/Extend/WeChatSDK",
				);
				OTHER_LDFLAGS = "-ObjC";
				PRODUCT_BUNDLE_IDENTIFIER = forUwebView;
				PRODUCT_NAME = UIwebView;
			};
			name = Release;
		};
		2C577BB91BB4F180000C366B /* Debug */ = {
			isa = XCBuildConfiguration;
			buildSettings = {
				BUNDLE_LOADER = "$(TEST_HOST)";
				INFOPLIST_FILE = forUwebViewTests/Info.plist;
				LD_RUNPATH_SEARCH_PATHS = "$(inherited) @executable_path/Frameworks @loader_path/Frameworks";
				PRODUCT_BUNDLE_IDENTIFIER = com.lijiehu.testdemo.forUwebViewTests;
				PRODUCT_NAME = UIwebView;
				TEST_HOST = "$(BUILT_PRODUCTS_DIR)/UIwebView.app/UIwebView";
			};
			name = Debug;
		};
		2C577BBA1BB4F180000C366B /* Release */ = {
			isa = XCBuildConfiguration;
			buildSettings = {
				BUNDLE_LOADER = "$(TEST_HOST)";
				INFOPLIST_FILE = forUwebViewTests/Info.plist;
				LD_RUNPATH_SEARCH_PATHS = "$(inherited) @executable_path/Frameworks @loader_path/Frameworks";
				PRODUCT_BUNDLE_IDENTIFIER = com.lijiehu.testdemo.forUwebViewTests;
				PRODUCT_NAME = UIwebView;
				TEST_HOST = "$(BUILT_PRODUCTS_DIR)/UIwebView.app/UIwebView";
			};
			name = Release;
		};
		2C577BBC1BB4F180000C366B /* Debug */ = {
			isa = XCBuildConfiguration;
			buildSettings = {
				INFOPLIST_FILE = forUwebViewUITests/Info.plist;
				LD_RUNPATH_SEARCH_PATHS = "$(inherited) @executable_path/Frameworks @loader_path/Frameworks";
				PRODUCT_BUNDLE_IDENTIFIER = com.lijiehu.testdemo.forUwebViewUITests;
				PRODUCT_NAME = UIwebView;
				TEST_TARGET_NAME = forUwebView;
				USES_XCTRUNNER = YES;
			};
			name = Debug;
		};
		2C577BBD1BB4F180000C366B /* Release */ = {
			isa = XCBuildConfiguration;
			buildSettings = {
				INFOPLIST_FILE = forUwebViewUITests/Info.plist;
				LD_RUNPATH_SEARCH_PATHS = "$(inherited) @executable_path/Frameworks @loader_path/Frameworks";
				PRODUCT_BUNDLE_IDENTIFIER = com.lijiehu.testdemo.forUwebViewUITests;
				PRODUCT_NAME = UIwebView;
				TEST_TARGET_NAME = forUwebView;
				USES_XCTRUNNER = YES;
			};
			name = Release;
		};
/* End XCBuildConfiguration section */

/* Begin XCConfigurationList section */
		2C577B831BB4F17F000C366B /* Build configuration list for PBXProject "UIwebView" */ = {
			isa = XCConfigurationList;
			buildConfigurations = (
				2C577BB31BB4F180000C366B /* Debug */,
				2C577BB41BB4F180000C366B /* Release */,
			);
			defaultConfigurationIsVisible = 0;
			defaultConfigurationName = Release;
		};
		2C577BB51BB4F180000C366B /* Build configuration list for PBXNativeTarget "UIwebView" */ = {
			isa = XCConfigurationList;
			buildConfigurations = (
				2C577BB61BB4F180000C366B /* Debug */,
				2C577BB71BB4F180000C366B /* Release */,
			);
			defaultConfigurationIsVisible = 0;
			defaultConfigurationName = Release;
		};
		2C577BB81BB4F180000C366B /* Build configuration list for PBXNativeTarget "UIwebViewTests" */ = {
			isa = XCConfigurationList;
			buildConfigurations = (
				2C577BB91BB4F180000C366B /* Debug */,
				2C577BBA1BB4F180000C366B /* Release */,
			);
			defaultConfigurationIsVisible = 0;
			defaultConfigurationName = Release;
		};
		2C577BBB1BB4F180000C366B /* Build configuration list for PBXNativeTarget "UIwebViewUITests" */ = {
			isa = XCConfigurationList;
			buildConfigurations = (
				2C577BBC1BB4F180000C366B /* Debug */,
				2C577BBD1BB4F180000C366B /* Release */,
			);
			defaultConfigurationIsVisible = 0;
			defaultConfigurationName = Release;
		};
/* End XCConfigurationList section */
	};
	rootObject = 2C577B801BB4F17F000C366B /* Project object */;
}
